{
  "object": {
    "pins": [
      {
        "package": "swift-numerics",
        "repositoryURL": "https://github.com/apple/swift-numerics",
        "state": {
          "branch": "master",
          "revision": "119377cc49247839e03a7d3d1488f6b711b5e917",
          "version": null
        }
      }
    ]
  },
  "version": 1
}
