{
  "object": {
    "pins": [
      {
        "package": "swift-numerics",
        "products": [
          "Numerics"
        ],
        "repositoryURL": "https://github.com/apple/swift-numerics",
        "state": {
          "branch": "master",
          "revision": "110beefe0b9a4af05b09f2d33faf52740d9229a7",
          "version": null
        }
      }
    ]
  },
  "version": 1
}
