{
  "object": {
    "pins": [
      {
        "package": "swift-numerics",
        "repositoryURL": "https://github.com/apple/swift-numerics",
        "state": {
          "branch": "master",
          "revision": "c634b5ddcea8445244b7cde1e5deddb8adf58e37",
          "version": null
        }
      }
    ]
  },
  "version": 1
}
